
Microsoft Visual Studio Solution File, Format Version 12.00
# Visual Studio Version 16
VisualStudioVersion = 16.0.31702.278
MinimumVisualStudioVersion = 10.0.40219.1
Project("{FAE04EC0-301F-11D3-BF4B-00C04F79EFBC}") = "lab17", "lab17\lab17.csproj", "{3DB8F94B-8447-4B2D-BC7B-5EA0B635A873}"
EndProject
Global
	GlobalSection(SolutionConfigurationPlatforms) = preSolution
		Debug|Any CPU = Debug|Any CPU
		Release|Any CPU = Release|Any CPU
	EndGlobalSection
	GlobalSection(ProjectConfigurationPlatforms) = postSolution
		{3DB8F94B-8447-4B2D-BC7B-5EA0B635A873}.Debug|Any CPU.ActiveCfg = Debug|Any CPU
		{3DB8F94B-8447-4B2D-BC7B-5EA0B635A873}.Debug|Any CPU.Build.0 = Debug|Any CPU
		{3DB8F94B-8447-4B2D-BC7B-5EA0B635A873}.Release|Any CPU.ActiveCfg = Release|Any CPU
		{3DB8F94B-8447-4B2D-BC7B-5EA0B635A873}.Release|Any CPU.Build.0 = Release|Any CPU
	EndGlobalSection
	GlobalSection(SolutionProperties) = preSolution
		HideSolutionNode = FALSE
	EndGlobalSection
	GlobalSection(ExtensibilityGlobals) = postSolution
		SolutionGuid = {D934CDE3-CF64-4F7E-981E-BBA4CB078FBA}
	EndGlobalSection
EndGlobal
